
Microsoft Visual Studio Solution File, Format Version 12.00
# Visual Studio Version 16
VisualStudioVersion = 16.0.30204.135
MinimumVisualStudioVersion = 10.0.40219.1
Project("{9A19103F-16F7-4668-BE54-9A1E7A4F7556}") = "LogConverter", "LogConverter\LogConverter.csproj", "{71E0E086-3F0A-4859-9B3D-521E170431E9}"
EndProject
Project("{9A19103F-16F7-4668-BE54-9A1E7A4F7556}") = "FrameAnalysis", "FrameAnalysis\FrameAnalysis.csproj", "{60FFDE41-751E-4762-A7B1-4D1FE750EB60}"
EndProject
Project("{9A19103F-16F7-4668-BE54-9A1E7A4F7556}") = "FrameAnalysis.Test", "FrameAnalysis.Test\FrameAnalysis.Test.csproj", "{D17F5556-D2A8-460E-A7F9-B627E5368E37}"
EndProject
Project("{2150E333-8FDC-42A3-9474-1A3956D46DE8}") = "Solution Items", "Solution Items", "{7AF5BE5B-EE53-4B85-A805-24E241FBD796}"
	ProjectSection(SolutionItems) = preProject
		.editorconfig = .editorconfig
		Directory.Build.props = Directory.Build.props
		.github\workflows\dotnet-core.yml = .github\workflows\dotnet-core.yml
		README.md = README.md
	EndProjectSection
EndProject
Project("{9A19103F-16F7-4668-BE54-9A1E7A4F7556}") = "Config", "Config\Config.csproj", "{A07E7F1B-B2E0-4C14-90A4-C22CA90445D6}"
EndProject
Project("{9A19103F-16F7-4668-BE54-9A1E7A4F7556}") = "ShaderFixes", "ShaderFixes\ShaderFixes.csproj", "{CDC73959-98DA-41D7-B3ED-2C20685A0FCA}"
EndProject
Project("{9A19103F-16F7-4668-BE54-9A1E7A4F7556}") = "Common", "Common\Common.csproj", "{9952E1CD-4A6C-4EBF-A66B-3173575E1473}"
EndProject
Global
	GlobalSection(SolutionConfigurationPlatforms) = preSolution
		Debug|Any CPU = Debug|Any CPU
		Release|Any CPU = Release|Any CPU
	EndGlobalSection
	GlobalSection(ProjectConfigurationPlatforms) = postSolution
		{71E0E086-3F0A-4859-9B3D-521E170431E9}.Debug|Any CPU.ActiveCfg = Debug|Any CPU
		{71E0E086-3F0A-4859-9B3D-521E170431E9}.Debug|Any CPU.Build.0 = Debug|Any CPU
		{71E0E086-3F0A-4859-9B3D-521E170431E9}.Release|Any CPU.ActiveCfg = Release|Any CPU
		{71E0E086-3F0A-4859-9B3D-521E170431E9}.Release|Any CPU.Build.0 = Release|Any CPU
		{60FFDE41-751E-4762-A7B1-4D1FE750EB60}.Debug|Any CPU.ActiveCfg = Debug|Any CPU
		{60FFDE41-751E-4762-A7B1-4D1FE750EB60}.Debug|Any CPU.Build.0 = Debug|Any CPU
		{60FFDE41-751E-4762-A7B1-4D1FE750EB60}.Release|Any CPU.ActiveCfg = Release|Any CPU
		{60FFDE41-751E-4762-A7B1-4D1FE750EB60}.Release|Any CPU.Build.0 = Release|Any CPU
		{D17F5556-D2A8-460E-A7F9-B627E5368E37}.Debug|Any CPU.ActiveCfg = Debug|Any CPU
		{D17F5556-D2A8-460E-A7F9-B627E5368E37}.Debug|Any CPU.Build.0 = Debug|Any CPU
		{D17F5556-D2A8-460E-A7F9-B627E5368E37}.Release|Any CPU.ActiveCfg = Release|Any CPU
		{D17F5556-D2A8-460E-A7F9-B627E5368E37}.Release|Any CPU.Build.0 = Release|Any CPU
		{A07E7F1B-B2E0-4C14-90A4-C22CA90445D6}.Debug|Any CPU.ActiveCfg = Debug|Any CPU
		{A07E7F1B-B2E0-4C14-90A4-C22CA90445D6}.Debug|Any CPU.Build.0 = Debug|Any CPU
		{A07E7F1B-B2E0-4C14-90A4-C22CA90445D6}.Release|Any CPU.ActiveCfg = Release|Any CPU
		{A07E7F1B-B2E0-4C14-90A4-C22CA90445D6}.Release|Any CPU.Build.0 = Release|Any CPU
		{CDC73959-98DA-41D7-B3ED-2C20685A0FCA}.Debug|Any CPU.ActiveCfg = Debug|Any CPU
		{CDC73959-98DA-41D7-B3ED-2C20685A0FCA}.Debug|Any CPU.Build.0 = Debug|Any CPU
		{CDC73959-98DA-41D7-B3ED-2C20685A0FCA}.Release|Any CPU.ActiveCfg = Release|Any CPU
		{CDC73959-98DA-41D7-B3ED-2C20685A0FCA}.Release|Any CPU.Build.0 = Release|Any CPU
		{9952E1CD-4A6C-4EBF-A66B-3173575E1473}.Debug|Any CPU.ActiveCfg = Debug|Any CPU
		{9952E1CD-4A6C-4EBF-A66B-3173575E1473}.Debug|Any CPU.Build.0 = Debug|Any CPU
		{9952E1CD-4A6C-4EBF-A66B-3173575E1473}.Release|Any CPU.ActiveCfg = Release|Any CPU
		{9952E1CD-4A6C-4EBF-A66B-3173575E1473}.Release|Any CPU.Build.0 = Release|Any CPU
	EndGlobalSection
	GlobalSection(SolutionProperties) = preSolution
		HideSolutionNode = FALSE
	EndGlobalSection
	GlobalSection(ExtensibilityGlobals) = postSolution
		SolutionGuid = {2454861E-8980-4BFF-B41A-D78B3B02D119}
	EndGlobalSection
EndGlobal
